// !$*UTF8*$!
{
	archiveVersion = 1;
	classes = {
	};
	objectVersion = 50;
	objects = {

/* Begin PBXBuildFile section */
		879A7AD52487511400C08555 /* mealkits.json in Resources */ = {isa = PBXBuildFile; fileRef = 879A7AD42487511400C08555 /* mealkits.json */; };
		879C39762484B73300A4E86C /* AppDelegate.swift in Sources */ = {isa = PBXBuildFile; fileRef = 879C39752484B73300A4E86C /* AppDelegate.swift */; };
		879C39782484B73300A4E86C /* ViewController.swift in Sources */ = {isa = PBXBuildFile; fileRef = 879C39772484B73300A4E86C /* ViewController.swift */; };
		879C397B2484B73300A4E86C /* Main.storyboard in Resources */ = {isa = PBXBuildFile; fileRef = 879C39792484B73300A4E86C /* Main.storyboard */; };
		879C397E2484B73300A4E86C /* LiveFitFood.xcdatamodeld in Sources */ = {isa = PBXBuildFile; fileRef = 879C397C2484B73300A4E86C /* LiveFitFood.xcdatamodeld */; };
		879C39802484B73500A4E86C /* Assets.xcassets in Resources */ = {isa = PBXBuildFile; fileRef = 879C397F2484B73500A4E86C /* Assets.xcassets */; };
		879C39832484B73500A4E86C /* LaunchScreen.storyboard in Resources */ = {isa = PBXBuildFile; fileRef = 879C39812484B73500A4E86C /* LaunchScreen.storyboard */; };
		879C39C22485E89E00A4E86C /* Mealkit+CoreDataClass.swift in Sources */ = {isa = PBXBuildFile; fileRef = 879C39B82485E89E00A4E86C /* Mealkit+CoreDataClass.swift */; };
		879C39C32485E89E00A4E86C /* Mealkit+CoreDataProperties.swift in Sources */ = {isa = PBXBuildFile; fileRef = 879C39B92485E89E00A4E86C /* Mealkit+CoreDataProperties.swift */; };
		879C39C42485E89E00A4E86C /* Coupon+CoreDataClass.swift in Sources */ = {isa = PBXBuildFile; fileRef = 879C39BA2485E89E00A4E86C /* Coupon+CoreDataClass.swift */; };
		879C39C52485E89E00A4E86C /* Coupon+CoreDataProperties.swift in Sources */ = {isa = PBXBuildFile; fileRef = 879C39BB2485E89E00A4E86C /* Coupon+CoreDataProperties.swift */; };
		879C39C62485E89E00A4E86C /* Order+CoreDataClass.swift in Sources */ = {isa = PBXBuildFile; fileRef = 879C39BC2485E89E00A4E86C /* Order+CoreDataClass.swift */; };
		879C39C72485E89E00A4E86C /* Order+CoreDataProperties.swift in Sources */ = {isa = PBXBuildFile; fileRef = 879C39BD2485E89E00A4E86C /* Order+CoreDataProperties.swift */; };
		879C39C82485E89E00A4E86C /* User+CoreDataClass.swift in Sources */ = {isa = PBXBuildFile; fileRef = 879C39BE2485E89E00A4E86C /* User+CoreDataClass.swift */; };
		879C39C92485E89E00A4E86C /* User+CoreDataProperties.swift in Sources */ = {isa = PBXBuildFile; fileRef = 879C39BF2485E89E00A4E86C /* User+CoreDataProperties.swift */; };
		879C39CA2485E89E00A4E86C /* Meal+CoreDataClass.swift in Sources */ = {isa = PBXBuildFile; fileRef = 879C39C02485E89E00A4E86C /* Meal+CoreDataClass.swift */; };
		879C39CB2485E89E00A4E86C /* Meal+CoreDataProperties.swift in Sources */ = {isa = PBXBuildFile; fileRef = 879C39C12485E89E00A4E86C /* Meal+CoreDataProperties.swift */; };
		879C39CD2486295A00A4E86C /* WelcomeViewController.swift in Sources */ = {isa = PBXBuildFile; fileRef = 879C39CC2486295A00A4E86C /* WelcomeViewController.swift */; };
/* End PBXBuildFile section */

/* Begin PBXFileReference section */
		879A7AD42487511400C08555 /* mealkits.json */ = {isa = PBXFileReference; fileEncoding = 4; lastKnownFileType = text.json; path = mealkits.json; sourceTree = "<group>"; };
		879C39722484B73300A4E86C /* LiveFitFood.app */ = {isa = PBXFileReference; explicitFileType = wrapper.application; includeInIndex = 0; path = LiveFitFood.app; sourceTree = BUILT_PRODUCTS_DIR; };
		879C39752484B73300A4E86C /* AppDelegate.swift */ = {isa = PBXFileReference; lastKnownFileType = sourcecode.swift; path = AppDelegate.swift; sourceTree = "<group>"; };
		879C39772484B73300A4E86C /* ViewController.swift */ = {isa = PBXFileReference; lastKnownFileType = sourcecode.swift; path = ViewController.swift; sourceTree = "<group>"; };
		879C397A2484B73300A4E86C /* Base */ = {isa = PBXFileReference; lastKnownFileType = file.storyboard; name = Base; path = Base.lproj/Main.storyboard; sourceTree = "<group>"; };
		879C397D2484B73300A4E86C /* LiveFitFood.xcdatamodel */ = {isa = PBXFileReference; lastKnownFileType = wrapper.xcdatamodel; path = LiveFitFood.xcdatamodel; sourceTree = "<group>"; };
		879C397F2484B73500A4E86C /* Assets.xcassets */ = {isa = PBXFileReference; lastKnownFileType = folder.assetcatalog; path = Assets.xcassets; sourceTree = "<group>"; };
		879C39822484B73500A4E86C /* Base */ = {isa = PBXFileReference; lastKnownFileType = file.storyboard; name = Base; path = Base.lproj/LaunchScreen.storyboard; sourceTree = "<group>"; };
		879C39842484B73500A4E86C /* Info.plist */ = {isa = PBXFileReference; lastKnownFileType = text.plist.xml; path = Info.plist; sourceTree = "<group>"; };
		879C39B82485E89E00A4E86C /* Mealkit+CoreDataClass.swift */ = {isa = PBXFileReference; lastKnownFileType = sourcecode.swift; path = "Mealkit+CoreDataClass.swift"; sourceTree = "<group>"; };
		879C39B92485E89E00A4E86C /* Mealkit+CoreDataProperties.swift */ = {isa = PBXFileReference; lastKnownFileType = sourcecode.swift; path = "Mealkit+CoreDataProperties.swift"; sourceTree = "<group>"; };
		879C39BA2485E89E00A4E86C /* Coupon+CoreDataClass.swift */ = {isa = PBXFileReference; lastKnownFileType = sourcecode.swift; path = "Coupon+CoreDataClass.swift"; sourceTree = "<group>"; };
		879C39BB2485E89E00A4E86C /* Coupon+CoreDataProperties.swift */ = {isa = PBXFileReference; lastKnownFileType = sourcecode.swift; path = "Coupon+CoreDataProperties.swift"; sourceTree = "<group>"; };
		879C39BC2485E89E00A4E86C /* Order+CoreDataClass.swift */ = {isa = PBXFileReference; lastKnownFileType = sourcecode.swift; path = "Order+CoreDataClass.swift"; sourceTree = "<group>"; };
		879C39BD2485E89E00A4E86C /* Order+CoreDataProperties.swift */ = {isa = PBXFileReference; lastKnownFileType = sourcecode.swift; path = "Order+CoreDataProperties.swift"; sourceTree = "<group>"; };
		879C39BE2485E89E00A4E86C /* User+CoreDataClass.swift */ = {isa = PBXFileReference; lastKnownFileType = sourcecode.swift; path = "User+CoreDataClass.swift"; sourceTree = "<group>"; };
		879C39BF2485E89E00A4E86C /* User+CoreDataProperties.swift */ = {isa = PBXFileReference; lastKnownFileType = sourcecode.swift; path = "User+CoreDataProperties.swift"; sourceTree = "<group>"; };
		879C39C02485E89E00A4E86C /* Meal+CoreDataClass.swift */ = {isa = PBXFileReference; lastKnownFileType = sourcecode.swift; path = "Meal+CoreDataClass.swift"; sourceTree = "<group>"; };
		879C39C12485E89E00A4E86C /* Meal+CoreDataProperties.swift */ = {isa = PBXFileReference; lastKnownFileType = sourcecode.swift; path = "Meal+CoreDataProperties.swift"; sourceTree = "<group>"; };
		879C39CC2486295A00A4E86C /* WelcomeViewController.swift */ = {isa = PBXFileReference; lastKnownFileType = sourcecode.swift; path = WelcomeViewController.swift; sourceTree = "<group>"; };
/* End PBXFileReference section */

/* Begin PBXFrameworksBuildPhase section */
		879C396F2484B73300A4E86C /* Frameworks */ = {
			isa = PBXFrameworksBuildPhase;
			buildActionMask = 2147483647;
			files = (
			);
			runOnlyForDeploymentPostprocessing = 0;
		};
/* End PBXFrameworksBuildPhase section */

/* Begin PBXGroup section */
		879C39692484B73300A4E86C = {
			isa = PBXGroup;
			children = (
				879C39B82485E89E00A4E86C /* Mealkit+CoreDataClass.swift */,
				879C39B92485E89E00A4E86C /* Mealkit+CoreDataProperties.swift */,
				879C39BA2485E89E00A4E86C /* Coupon+CoreDataClass.swift */,
				879C39BB2485E89E00A4E86C /* Coupon+CoreDataProperties.swift */,
				879C39BC2485E89E00A4E86C /* Order+CoreDataClass.swift */,
				879C39BD2485E89E00A4E86C /* Order+CoreDataProperties.swift */,
				879C39BE2485E89E00A4E86C /* User+CoreDataClass.swift */,
				879C39BF2485E89E00A4E86C /* User+CoreDataProperties.swift */,
				879C39C02485E89E00A4E86C /* Meal+CoreDataClass.swift */,
				879C39C12485E89E00A4E86C /* Meal+CoreDataProperties.swift */,
				879C39742484B73300A4E86C /* LiveFitFood */,
				879C39732484B73300A4E86C /* Products */,
			);
			sourceTree = "<group>";
		};
		879C39732484B73300A4E86C /* Products */ = {
			isa = PBXGroup;
			children = (
				879C39722484B73300A4E86C /* LiveFitFood.app */,
			);
			name = Products;
			sourceTree = "<group>";
		};
		879C39742484B73300A4E86C /* LiveFitFood */ = {
			isa = PBXGroup;
			children = (
				879A7AD42487511400C08555 /* mealkits.json */,
				879C39752484B73300A4E86C /* AppDelegate.swift */,
				879C39772484B73300A4E86C /* ViewController.swift */,
				879C39792484B73300A4E86C /* Main.storyboard */,
				879C397F2484B73500A4E86C /* Assets.xcassets */,
				879C39812484B73500A4E86C /* LaunchScreen.storyboard */,
				879C39842484B73500A4E86C /* Info.plist */,
				879C397C2484B73300A4E86C /* LiveFitFood.xcdatamodeld */,
				879C39CC2486295A00A4E86C /* WelcomeViewController.swift */,
			);
			path = LiveFitFood;
			sourceTree = "<group>";
		};
/* End PBXGroup section */

/* Begin PBXNativeTarget section */
		879C39712484B73300A4E86C /* LiveFitFood */ = {
			isa = PBXNativeTarget;
			buildConfigurationList = 879C39872484B73500A4E86C /* Build configuration list for PBXNativeTarget "LiveFitFood" */;
			buildPhases = (
				879C396E2484B73300A4E86C /* Sources */,
				879C396F2484B73300A4E86C /* Frameworks */,
				879C39702484B73300A4E86C /* Resources */,
			);
			buildRules = (
			);
			dependencies = (
			);
			name = LiveFitFood;
			productName = LiveFitFood;
			productReference = 879C39722484B73300A4E86C /* LiveFitFood.app */;
			productType = "com.apple.product-type.application";
		};
/* End PBXNativeTarget section */

/* Begin PBXProject section */
		879C396A2484B73300A4E86C /* Project object */ = {
			isa = PBXProject;
			attributes = {
				LastSwiftUpdateCheck = 1030;
				LastUpgradeCheck = 1030;
				ORGANIZATIONNAME = "Louise Chan";
				TargetAttributes = {
					879C39712484B73300A4E86C = {
						CreatedOnToolsVersion = 10.3;
					};
				};
			};
			buildConfigurationList = 879C396D2484B73300A4E86C /* Build configuration list for PBXProject "LiveFitFood" */;
			compatibilityVersion = "Xcode 9.3";
			developmentRegion = en;
			hasScannedForEncodings = 0;
			knownRegions = (
				en,
				Base,
			);
			mainGroup = 879C39692484B73300A4E86C;
			productRefGroup = 879C39732484B73300A4E86C /* Products */;
			projectDirPath = "";
			projectRoot = "";
			targets = (
				879C39712484B73300A4E86C /* LiveFitFood */,
			);
		};
/* End PBXProject section */

/* Begin PBXResourcesBuildPhase section */
		879C39702484B73300A4E86C /* Resources */ = {
			isa = PBXResourcesBuildPhase;
			buildActionMask = 2147483647;
			files = (
				879C39832484B73500A4E86C /* LaunchScreen.storyboard in Resources */,
				879C39802484B73500A4E86C /* Assets.xcassets in Resources */,
				879C397B2484B73300A4E86C /* Main.storyboard in Resources */,
				879A7AD52487511400C08555 /* mealkits.json in Resources */,
			);
			runOnlyForDeploymentPostprocessing = 0;
		};
/* End PBXResourcesBuildPhase section */

/* Begin PBXSourcesBuildPhase section */
		879C396E2484B73300A4E86C /* Sources */ = {
			isa = PBXSourcesBuildPhase;
			buildActionMask = 2147483647;
			files = (
				879C39C72485E89E00A4E86C /* Order+CoreDataProperties.swift in Sources */,
				879C39C32485E89E00A4E86C /* Mealkit+CoreDataProperties.swift in Sources */,
				879C397E2484B73300A4E86C /* LiveFitFood.xcdatamodeld in Sources */,
				879C39C22485E89E00A4E86C /* Mealkit+CoreDataClass.swift in Sources */,
				879C39C82485E89E00A4E86C /* User+CoreDataClass.swift in Sources */,
				879C39C52485E89E00A4E86C /* Coupon+CoreDataProperties.swift in Sources */,
				879C39CB2485E89E00A4E86C /* Meal+CoreDataProperties.swift in Sources */,
				879C39CA2485E89E00A4E86C /* Meal+CoreDataClass.swift in Sources */,
				879C39C62485E89E00A4E86C /* Order+CoreDataClass.swift in Sources */,
				879C39C92485E89E00A4E86C /* User+CoreDataProperties.swift in Sources */,
				879C39C42485E89E00A4E86C /* Coupon+CoreDataClass.swift in Sources */,
				879C39782484B73300A4E86C /* ViewController.swift in Sources */,
				879C39762484B73300A4E86C /* AppDelegate.swift in Sources */,
				879C39CD2486295A00A4E86C /* WelcomeViewController.swift in Sources */,
			);
			runOnlyForDeploymentPostprocessing = 0;
		};
/* End PBXSourcesBuildPhase section */

/* Begin PBXVariantGroup section */
		879C39792484B73300A4E86C /* Main.storyboard */ = {
			isa = PBXVariantGroup;
			children = (
				879C397A2484B73300A4E86C /* Base */,
			);
			name = Main.storyboard;
			sourceTree = "<group>";
		};
		879C39812484B73500A4E86C /* LaunchScreen.storyboard */ = {
			isa = PBXVariantGroup;
			children = (
				879C39822484B73500A4E86C /* Base */,
			);
			name = LaunchScreen.storyboard;
			sourceTree = "<group>";
		};
/* End PBXVariantGroup section */

/* Begin XCBuildConfiguration section */
		879C39852484B73500A4E86C /* Debug */ = {
			isa = XCBuildConfiguration;
			buildSettings = {
				ALWAYS_SEARCH_USER_PATHS = NO;
				CLANG_ANALYZER_NONNULL = YES;
				CLANG_ANALYZER_NUMBER_OBJECT_CONVERSION = YES_AGGRESSIVE;
				CLANG_CXX_LANGUAGE_STANDARD = "gnu++14";
				CLANG_CXX_LIBRARY = "libc++";
				CLANG_ENABLE_MODULES = YES;
				CLANG_ENABLE_OBJC_ARC = YES;
				CLANG_ENABLE_OBJC_WEAK = YES;
				CLANG_WARN_BLOCK_CAPTURE_AUTORELEASING = YES;
				CLANG_WARN_BOOL_CONVERSION = YES;
				CLANG_WARN_COMMA = YES;
				CLANG_WARN_CONSTANT_CONVERSION = YES;
				CLANG_WARN_DEPRECATED_OBJC_IMPLEMENTATIONS = YES;
				CLANG_WARN_DIRECT_OBJC_ISA_USAGE = YES_ERROR;
				CLANG_WARN_DOCUMENTATION_COMMENTS = YES;
				CLANG_WARN_EMPTY_BODY = YES;
				CLANG_WARN_ENUM_CONVERSION = YES;
				CLANG_WARN_INFINITE_RECURSION = YES;
				CLANG_WARN_INT_CONVERSION = YES;
				CLANG_WARN_NON_LITERAL_NULL_CONVERSION = YES;
				CLANG_WARN_OBJC_IMPLICIT_RETAIN_SELF = YES;
				CLANG_WARN_OBJC_LITERAL_CONVERSION = YES;
				CLANG_WARN_OBJC_ROOT_CLASS = YES_ERROR;
				CLANG_WARN_RANGE_LOOP_ANALYSIS = YES;
				CLANG_WARN_STRICT_PROTOTYPES = YES;
				CLANG_WARN_SUSPICIOUS_MOVE = YES;
				CLANG_WARN_UNGUARDED_AVAILABILITY = YES_AGGRESSIVE;
				CLANG_WARN_UNREACHABLE_CODE = YES;
				CLANG_WARN__DUPLICATE_METHOD_MATCH = YES;
				CODE_SIGN_IDENTITY = "iPhone Developer";
				COPY_PHASE_STRIP = NO;
				DEBUG_INFORMATION_FORMAT = dwarf;
				ENABLE_STRICT_OBJC_MSGSEND = YES;
				ENABLE_TESTABILITY = YES;
				GCC_C_LANGUAGE_STANDARD = gnu11;
				GCC_DYNAMIC_NO_PIC = NO;
				GCC_NO_COMMON_BLOCKS = YES;
				GCC_OPTIMIZATION_LEVEL = 0;
				GCC_PREPROCESSOR_DEFINITIONS = (
					"DEBUG=1",
					"$(inherited)",
				);
				GCC_WARN_64_TO_32_BIT_CONVERSION = YES;
				GCC_WARN_ABOUT_RETURN_TYPE = YES_ERROR;
				GCC_WARN_UNDECLARED_SELECTOR = YES;
				GCC_WARN_UNINITIALIZED_AUTOS = YES_AGGRESSIVE;
				GCC_WARN_UNUSED_FUNCTION = YES;
				GCC_WARN_UNUSED_VARIABLE = YES;
				IPHONEOS_DEPLOYMENT_TARGET = 12.4;
				MTL_ENABLE_DEBUG_INFO = INCLUDE_SOURCE;
				MTL_FAST_MATH = YES;
				ONLY_ACTIVE_ARCH = YES;
				SDKROOT = iphoneos;
				SWIFT_ACTIVE_COMPILATION_CONDITIONS = DEBUG;
				SWIFT_OPTIMIZATION_LEVEL = "-Onone";
			};
			name = Debug;
		};
		879C39862484B73500A4E86C /* Release */ = {
			isa = XCBuildConfiguration;
			buildSettings = {
				ALWAYS_SEARCH_USER_PATHS = NO;
				CLANG_ANALYZER_NONNULL = YES;
				CLANG_ANALYZER_NUMBER_OBJECT_CONVERSION = YES_AGGRESSIVE;
				CLANG_CXX_LANGUAGE_STANDARD = "gnu++14";
				CLANG_CXX_LIBRARY = "libc++";
				CLANG_ENABLE_MODULES = YES;
				CLANG_ENABLE_OBJC_ARC = YES;
				CLANG_ENABLE_OBJC_WEAK = YES;
				CLANG_WARN_BLOCK_CAPTURE_AUTORELEASING = YES;
				CLANG_WARN_BOOL_CONVERSION = YES;
				CLANG_WARN_COMMA = YES;
				CLANG_WARN_CONSTANT_CONVERSION = YES;
				CLANG_WARN_DEPRECATED_OBJC_IMPLEMENTATIONS = YES;
				CLANG_WARN_DIRECT_OBJC_ISA_USAGE = YES_ERROR;
				CLANG_WARN_DOCUMENTATION_COMMENTS = YES;
				CLANG_WARN_EMPTY_BODY = YES;
				CLANG_WARN_ENUM_CONVERSION = YES;
				CLANG_WARN_INFINITE_RECURSION = YES;
				CLANG_WARN_INT_CONVERSION = YES;
				CLANG_WARN_NON_LITERAL_NULL_CONVERSION = YES;
				CLANG_WARN_OBJC_IMPLICIT_RETAIN_SELF = YES;
				CLANG_WARN_OBJC_LITERAL_CONVERSION = YES;
				CLANG_WARN_OBJC_ROOT_CLASS = YES_ERROR;
				CLANG_WARN_RANGE_LOOP_ANALYSIS = YES;
				CLANG_WARN_STRICT_PROTOTYPES = YES;
				CLANG_WARN_SUSPICIOUS_MOVE = YES;
				CLANG_WARN_UNGUARDED_AVAILABILITY = YES_AGGRESSIVE;
				CLANG_WARN_UNREACHABLE_CODE = YES;
				CLANG_WARN__DUPLICATE_METHOD_MATCH = YES;
				CODE_SIGN_IDENTITY = "iPhone Developer";
				COPY_PHASE_STRIP = NO;
				DEBUG_INFORMATION_FORMAT = "dwarf-with-dsym";
				ENABLE_NS_ASSERTIONS = NO;
				ENABLE_STRICT_OBJC_MSGSEND = YES;
				GCC_C_LANGUAGE_STANDARD = gnu11;
				GCC_NO_COMMON_BLOCKS = YES;
				GCC_WARN_64_TO_32_BIT_CONVERSION = YES;
				GCC_WARN_ABOUT_RETURN_TYPE = YES_ERROR;
				GCC_WARN_UNDECLARED_SELECTOR = YES;
				GCC_WARN_UNINITIALIZED_AUTOS = YES_AGGRESSIVE;
				GCC_WARN_UNUSED_FUNCTION = YES;
				GCC_WARN_UNUSED_VARIABLE = YES;
				IPHONEOS_DEPLOYMENT_TARGET = 12.4;
				MTL_ENABLE_DEBUG_INFO = NO;
				MTL_FAST_MATH = YES;
				SDKROOT = iphoneos;
				SWIFT_COMPILATION_MODE = wholemodule;
				SWIFT_OPTIMIZATION_LEVEL = "-O";
				VALIDATE_PRODUCT = YES;
			};
			name = Release;
		};
		879C39882484B73500A4E86C /* Debug */ = {
			isa = XCBuildConfiguration;
			buildSettings = {
				ASSETCATALOG_COMPILER_APPICON_NAME = AppIcon;
				CODE_SIGN_STYLE = Automatic;
				DEVELOPMENT_TEAM = SQ7J7D64MC;
				INFOPLIST_FILE = LiveFitFood/Info.plist;
				IPHONEOS_DEPLOYMENT_TARGET = 12.2;
				LD_RUNPATH_SEARCH_PATHS = (
					"$(inherited)",
					"@executable_path/Frameworks",
				);
				PRODUCT_BUNDLE_IDENTIFIER = ca.louisechan.LiveFitFood;
				PRODUCT_NAME = "$(TARGET_NAME)";
				SWIFT_VERSION = 5.0;
				TARGETED_DEVICE_FAMILY = "1,2";
			};
			name = Debug;
		};
		879C39892484B73500A4E86C /* Release */ = {
			isa = XCBuildConfiguration;
			buildSettings = {
				ASSETCATALOG_COMPILER_APPICON_NAME = AppIcon;
				CODE_SIGN_STYLE = Automatic;
				DEVELOPMENT_TEAM = SQ7J7D64MC;
				INFOPLIST_FILE = LiveFitFood/Info.plist;
				IPHONEOS_DEPLOYMENT_TARGET = 12.2;
				LD_RUNPATH_SEARCH_PATHS = (
					"$(inherited)",
					"@executable_path/Frameworks",
				);
				PRODUCT_BUNDLE_IDENTIFIER = ca.louisechan.LiveFitFood;
				PRODUCT_NAME = "$(TARGET_NAME)";
				SWIFT_VERSION = 5.0;
				TARGETED_DEVICE_FAMILY = "1,2";
			};
			name = Release;
		};
/* End XCBuildConfiguration section */

/* Begin XCConfigurationList section */
		879C396D2484B73300A4E86C /* Build configuration list for PBXProject "LiveFitFood" */ = {
			isa = XCConfigurationList;
			buildConfigurations = (
				879C39852484B73500A4E86C /* Debug */,
				879C39862484B73500A4E86C /* Release */,
			);
			defaultConfigurationIsVisible = 0;
			defaultConfigurationName = Release;
		};
		879C39872484B73500A4E86C /* Build configuration list for PBXNativeTarget "LiveFitFood" */ = {
			isa = XCConfigurationList;
			buildConfigurations = (
				879C39882484B73500A4E86C /* Debug */,
				879C39892484B73500A4E86C /* Release */,
			);
			defaultConfigurationIsVisible = 0;
			defaultConfigurationName = Release;
		};
/* End XCConfigurationList section */

/* Begin XCVersionGroup section */
		879C397C2484B73300A4E86C /* LiveFitFood.xcdatamodeld */ = {
			isa = XCVersionGroup;
			children = (
				879C397D2484B73300A4E86C /* LiveFitFood.xcdatamodel */,
			);
			currentVersion = 879C397D2484B73300A4E86C /* LiveFitFood.xcdatamodel */;
			path = LiveFitFood.xcdatamodeld;
			sourceTree = "<group>";
			versionGroupType = wrapper.xcdatamodel;
		};
/* End XCVersionGroup section */
	};
	rootObject = 879C396A2484B73300A4E86C /* Project object */;
}
